
Microsoft Visual Studio Solution File, Format Version 12.00
# Visual Studio Version 16
VisualStudioVersion = 16.0.29519.181
MinimumVisualStudioVersion = 10.0.40219.1
Project("{888888A0-9F3D-457C-B088-3A5042F75D52}") = "PythonSnake", "PythonSnake.pyproj", "{5E97B9E0-4293-4894-B0C0-5313BBD851C0}"
EndProject
Global
	GlobalSection(SolutionConfigurationPlatforms) = preSolution
		Debug|Any CPU = Debug|Any CPU
		Release|Any CPU = Release|Any CPU
	EndGlobalSection
	GlobalSection(ProjectConfigurationPlatforms) = postSolution
		{5E97B9E0-4293-4894-B0C0-5313BBD851C0}.Debug|Any CPU.ActiveCfg = Debug|Any CPU
		{5E97B9E0-4293-4894-B0C0-5313BBD851C0}.Release|Any CPU.ActiveCfg = Release|Any CPU
	EndGlobalSection
	GlobalSection(SolutionProperties) = preSolution
		HideSolutionNode = FALSE
	EndGlobalSection
	GlobalSection(ExtensibilityGlobals) = postSolution
		SolutionGuid = {FCF59921-14D3-404E-BF8E-74873EED7B2C}
	EndGlobalSection
EndGlobal
